
Microsoft Visual Studio Solution File, Format Version 12.00
# Visual Studio Version 16
VisualStudioVersion = 16.0.31205.134
MinimumVisualStudioVersion = 10.0.40219.1
Project("{FAE04EC0-301F-11D3-BF4B-00C04F79EFBC}") = "package1", "package1\package1.csproj", "{00DD4749-BADB-468B-AC5C-A2BBA52EC9A9}"
EndProject
Global
	GlobalSection(SolutionConfigurationPlatforms) = preSolution
		Debug|Any CPU = Debug|Any CPU
		Release|Any CPU = Release|Any CPU
	EndGlobalSection
	GlobalSection(ProjectConfigurationPlatforms) = postSolution
		{00DD4749-BADB-468B-AC5C-A2BBA52EC9A9}.Debug|Any CPU.ActiveCfg = Debug|Any CPU
		{00DD4749-BADB-468B-AC5C-A2BBA52EC9A9}.Debug|Any CPU.Build.0 = Debug|Any CPU
		{00DD4749-BADB-468B-AC5C-A2BBA52EC9A9}.Release|Any CPU.ActiveCfg = Release|Any CPU
		{00DD4749-BADB-468B-AC5C-A2BBA52EC9A9}.Release|Any CPU.Build.0 = Release|Any CPU
	EndGlobalSection
	GlobalSection(SolutionProperties) = preSolution
		HideSolutionNode = FALSE
	EndGlobalSection
	GlobalSection(ExtensibilityGlobals) = postSolution
		SolutionGuid = {54F16CFD-D8A7-469E-A6CD-108467A176DD}
	EndGlobalSection
EndGlobal
